// !$*UTF8*$!
{
	archiveVersion = 1;
	classes = {
	};
	objectVersion = 56;
	objects = {

/* Begin PBXBuildFile section */
		AB0000000000000000000101 /* main.swift in Sources */ = {isa = PBXBuildFile; fileRef = AF0000000000000000000101 /* main.swift */; };
		AB0000000000000000000102 /* AppDelegate.swift in Sources */ = {isa = PBXBuildFile; fileRef = AF0000000000000000000102 /* AppDelegate.swift */; };
		AB0000000000000000000103 /* AppState.swift in Sources */ = {isa = PBXBuildFile; fileRef = AF0000000000000000000103 /* AppState.swift */; };
		AB0000000000000000000104 /* CountdownOverlay.swift in Sources */ = {isa = PBXBuildFile; fileRef = AF0000000000000000000104 /* CountdownOverlay.swift */; };
		AB0000000000000000000105 /* HotkeyManager.swift in Sources */ = {isa = PBXBuildFile; fileRef = AF0000000000000000000105 /* HotkeyManager.swift */; };
		AB0000000000000000000106 /* MacroEditor.swift in Sources */ = {isa = PBXBuildFile; fileRef = AF0000000000000000000106 /* MacroEditor.swift */; };
		AB0000000000000000000107 /* MacroLibrary.swift in Sources */ = {isa = PBXBuildFile; fileRef = AF0000000000000000000107 /* MacroLibrary.swift */; };
		AB0000000000000000000108 /* MainWindowController.swift in Sources */ = {isa = PBXBuildFile; fileRef = AF0000000000000000000108 /* MainWindowController.swift */; };
		AB0000000000000000000109 /* MenuBarController.swift in Sources */ = {isa = PBXBuildFile; fileRef = AF0000000000000000000109 /* MenuBarController.swift */; };
		AB0000000000000000000110 /* Player.swift in Sources */ = {isa = PBXBuildFile; fileRef = AF0000000000000000000110 /* Player.swift */; };
		AB0000000000000000000111 /* PopoverContentView.swift in Sources */ = {isa = PBXBuildFile; fileRef = AF0000000000000000000111 /* PopoverContentView.swift */; };
		AB0000000000000000000112 /* RecordedEvent.swift in Sources */ = {isa = PBXBuildFile; fileRef = AF0000000000000000000112 /* RecordedEvent.swift */; };
		AB0000000000000000000113 /* Recorder.swift in Sources */ = {isa = PBXBuildFile; fileRef = AF0000000000000000000113 /* Recorder.swift */; };
		AB0000000000000000000114 /* RecordingHUD.swift in Sources */ = {isa = PBXBuildFile; fileRef = AF0000000000000000000114 /* RecordingHUD.swift */; };
		AB0000000000000000000115 /* SoundController.swift in Sources */ = {isa = PBXBuildFile; fileRef = AF0000000000000000000115 /* SoundController.swift */; };
		AB0000000000000000000116 /* VisualEffects.swift in Sources */ = {isa = PBXBuildFile; fileRef = AF0000000000000000000116 /* VisualEffects.swift */; };
		AB0000000000000000000117 /* WelcomeWindow.swift in Sources */ = {isa = PBXBuildFile; fileRef = AF0000000000000000000117 /* WelcomeWindow.swift */; };
		AB0000000000000000000118 /* MacroImport.swift in Sources */ = {isa = PBXBuildFile; fileRef = AF0000000000000000000118 /* MacroImport.swift */; };
		AB0000000000000000000119 /* TextMacroFormat.swift in Sources */ = {isa = PBXBuildFile; fileRef = AF0000000000000000000119 /* TextMacroFormat.swift */; };
		AB0000000000000000000200 /* AppIcon.icns in Resources */ = {isa = PBXBuildFile; fileRef = AF0000000000000000000200 /* AppIcon.icns */; };
/* End PBXBuildFile section */

/* Begin PBXFileReference section */
		AF0000000000000000000101 /* main.swift */ = {isa = PBXFileReference; lastKnownFileType = sourcecode.swift; path = main.swift; sourceTree = "<group>"; };
		AF0000000000000000000102 /* AppDelegate.swift */ = {isa = PBXFileReference; lastKnownFileType = sourcecode.swift; path = AppDelegate.swift; sourceTree = "<group>"; };
		AF0000000000000000000103 /* AppState.swift */ = {isa = PBXFileReference; lastKnownFileType = sourcecode.swift; path = AppState.swift; sourceTree = "<group>"; };
		AF0000000000000000000104 /* CountdownOverlay.swift */ = {isa = PBXFileReference; lastKnownFileType = sourcecode.swift; path = CountdownOverlay.swift; sourceTree = "<group>"; };
		AF0000000000000000000105 /* HotkeyManager.swift */ = {isa = PBXFileReference; lastKnownFileType = sourcecode.swift; path = HotkeyManager.swift; sourceTree = "<group>"; };
		AF0000000000000000000106 /* MacroEditor.swift */ = {isa = PBXFileReference; lastKnownFileType = sourcecode.swift; path = MacroEditor.swift; sourceTree = "<group>"; };
		AF0000000000000000000107 /* MacroLibrary.swift */ = {isa = PBXFileReference; lastKnownFileType = sourcecode.swift; path = MacroLibrary.swift; sourceTree = "<group>"; };
		AF0000000000000000000108 /* MainWindowController.swift */ = {isa = PBXFileReference; lastKnownFileType = sourcecode.swift; path = MainWindowController.swift; sourceTree = "<group>"; };
		AF0000000000000000000109 /* MenuBarController.swift */ = {isa = PBXFileReference; lastKnownFileType = sourcecode.swift; path = MenuBarController.swift; sourceTree = "<group>"; };
		AF0000000000000000000110 /* Player.swift */ = {isa = PBXFileReference; lastKnownFileType = sourcecode.swift; path = Player.swift; sourceTree = "<group>"; };
		AF0000000000000000000111 /* PopoverContentView.swift */ = {isa = PBXFileReference; lastKnownFileType = sourcecode.swift; path = PopoverContentView.swift; sourceTree = "<group>"; };
		AF0000000000000000000112 /* RecordedEvent.swift */ = {isa = PBXFileReference; lastKnownFileType = sourcecode.swift; path = RecordedEvent.swift; sourceTree = "<group>"; };
		AF0000000000000000000113 /* Recorder.swift */ = {isa = PBXFileReference; lastKnownFileType = sourcecode.swift; path = Recorder.swift; sourceTree = "<group>"; };
		AF0000000000000000000114 /* RecordingHUD.swift */ = {isa = PBXFileReference; lastKnownFileType = sourcecode.swift; path = RecordingHUD.swift; sourceTree = "<group>"; };
		AF0000000000000000000115 /* SoundController.swift */ = {isa = PBXFileReference; lastKnownFileType = sourcecode.swift; path = SoundController.swift; sourceTree = "<group>"; };
		AF0000000000000000000116 /* VisualEffects.swift */ = {isa = PBXFileReference; lastKnownFileType = sourcecode.swift; path = VisualEffects.swift; sourceTree = "<group>"; };
		AF0000000000000000000117 /* WelcomeWindow.swift */ = {isa = PBXFileReference; lastKnownFileType = sourcecode.swift; path = WelcomeWindow.swift; sourceTree = "<group>"; };
		AF0000000000000000000118 /* MacroImport.swift */ = {isa = PBXFileReference; lastKnownFileType = sourcecode.swift; path = MacroImport.swift; sourceTree = "<group>"; };
		AF0000000000000000000119 /* TextMacroFormat.swift */ = {isa = PBXFileReference; lastKnownFileType = sourcecode.swift; path = TextMacroFormat.swift; sourceTree = "<group>"; };
		AF0000000000000000000200 /* AppIcon.icns */ = {isa = PBXFileReference; lastKnownFileType = image.icns; path = AppIcon.icns; sourceTree = "<group>"; };
		AF0000000000000000000201 /* Info.plist */ = {isa = PBXFileReference; lastKnownFileType = text.plist.xml; path = Info.plist; sourceTree = "<group>"; };
		AF0000000000000000000300 /* TinyRecorder.app */ = {isa = PBXFileReference; explicitFileType = wrapper.application; includeInIndex = 0; path = TinyRecorder.app; sourceTree = BUILT_PRODUCTS_DIR; };
/* End PBXFileReference section */

/* Begin PBXFrameworksBuildPhase section */
		AC0000000000000000000002 /* Frameworks */ = {
			isa = PBXFrameworksBuildPhase;
			buildActionMask = 2147483647;
			files = (
			);
			runOnlyForDeploymentPostprocessing = 0;
		};
/* End PBXFrameworksBuildPhase section */

/* Begin PBXGroup section */
		AE0000000000000000000001 = {
			isa = PBXGroup;
			children = (
				AE0000000000000000000004 /* Sources */,
				AF0000000000000000000200 /* AppIcon.icns */,
				AF0000000000000000000201 /* Info.plist */,
				AE0000000000000000000003 /* Products */,
			);
			sourceTree = "<group>";
		};
		AE0000000000000000000003 /* Products */ = {
			isa = PBXGroup;
			children = (
				AF0000000000000000000300 /* TinyRecorder.app */,
			);
			name = Products;
			sourceTree = "<group>";
		};
		AE0000000000000000000004 /* Sources */ = {
			isa = PBXGroup;
			children = (
				AE0000000000000000000005 /* TinyRecorder */,
			);
			path = Sources;
			sourceTree = "<group>";
		};
		AE0000000000000000000005 /* TinyRecorder */ = {
			isa = PBXGroup;
			children = (
				AF0000000000000000000101 /* main.swift */,
				AF0000000000000000000102 /* AppDelegate.swift */,
				AF0000000000000000000103 /* AppState.swift */,
				AF0000000000000000000104 /* CountdownOverlay.swift */,
				AF0000000000000000000105 /* HotkeyManager.swift */,
				AF0000000000000000000106 /* MacroEditor.swift */,
				AF0000000000000000000107 /* MacroLibrary.swift */,
				AF0000000000000000000108 /* MainWindowController.swift */,
				AF0000000000000000000109 /* MenuBarController.swift */,
				AF0000000000000000000110 /* Player.swift */,
				AF0000000000000000000111 /* PopoverContentView.swift */,
				AF0000000000000000000112 /* RecordedEvent.swift */,
				AF0000000000000000000113 /* Recorder.swift */,
				AF0000000000000000000114 /* RecordingHUD.swift */,
				AF0000000000000000000115 /* SoundController.swift */,
				AF0000000000000000000116 /* VisualEffects.swift */,
				AF0000000000000000000117 /* WelcomeWindow.swift */,
				AF0000000000000000000118 /* MacroImport.swift */,
				AF0000000000000000000119 /* TextMacroFormat.swift */,
			);
			path = TinyRecorder;
			sourceTree = "<group>";
		};
/* End PBXGroup section */

/* Begin PBXNativeTarget section */
		AA0000000000000000000001 /* TinyRecorder */ = {
			isa = PBXNativeTarget;
			buildConfigurationList = AD0000000000000000000002 /* Build configuration list for PBXNativeTarget "TinyRecorder" */;
			buildPhases = (
				AC0000000000000000000001 /* Sources */,
				AC0000000000000000000002 /* Frameworks */,
				AC0000000000000000000003 /* Resources */,
			);
			buildRules = (
			);
			dependencies = (
			);
			name = TinyRecorder;
			productName = TinyRecorder;
			productReference = AF0000000000000000000300 /* TinyRecorder.app */;
			productType = "com.apple.product-type.application";
		};
/* End PBXNativeTarget section */

/* Begin PBXProject section */
		AA0000000000000000000000 /* Project object */ = {
			isa = PBXProject;
			attributes = {
				BuildIndependentTargetsInParallel = 1;
				LastSwiftUpdateCheck = 1500;
				LastUpgradeCheck = 1500;
				TargetAttributes = {
					AA0000000000000000000001 = {
						CreatedOnToolsVersion = 15.0;
					};
				};
			};
			buildConfigurationList = AD0000000000000000000001 /* Build configuration list for PBXProject "TinyRecorder" */;
			compatibilityVersion = "Xcode 14.0";
			developmentRegion = en;
			hasScannedForEncodings = 0;
			knownRegions = (
				en,
				Base,
			);
			mainGroup = AE0000000000000000000001;
			productRefGroup = AE0000000000000000000003 /* Products */;
			projectDirPath = "";
			projectRoot = "";
			targets = (
				AA0000000000000000000001 /* TinyRecorder */,
			);
		};
/* End PBXProject section */

/* Begin PBXResourcesBuildPhase section */
		AC0000000000000000000003 /* Resources */ = {
			isa = PBXResourcesBuildPhase;
			buildActionMask = 2147483647;
			files = (
				AB0000000000000000000200 /* AppIcon.icns in Resources */,
			);
			runOnlyForDeploymentPostprocessing = 0;
		};
/* End PBXResourcesBuildPhase section */

/* Begin PBXSourcesBuildPhase section */
		AC0000000000000000000001 /* Sources */ = {
			isa = PBXSourcesBuildPhase;
			buildActionMask = 2147483647;
			files = (
				AB0000000000000000000101 /* main.swift in Sources */,
				AB0000000000000000000102 /* AppDelegate.swift in Sources */,
				AB0000000000000000000103 /* AppState.swift in Sources */,
				AB0000000000000000000104 /* CountdownOverlay.swift in Sources */,
				AB0000000000000000000105 /* HotkeyManager.swift in Sources */,
				AB0000000000000000000106 /* MacroEditor.swift in Sources */,
				AB0000000000000000000107 /* MacroLibrary.swift in Sources */,
				AB0000000000000000000108 /* MainWindowController.swift in Sources */,
				AB0000000000000000000109 /* MenuBarController.swift in Sources */,
				AB0000000000000000000110 /* Player.swift in Sources */,
				AB0000000000000000000111 /* PopoverContentView.swift in Sources */,
				AB0000000000000000000112 /* RecordedEvent.swift in Sources */,
				AB0000000000000000000113 /* Recorder.swift in Sources */,
				AB0000000000000000000114 /* RecordingHUD.swift in Sources */,
				AB0000000000000000000115 /* SoundController.swift in Sources */,
				AB0000000000000000000116 /* VisualEffects.swift in Sources */,
				AB0000000000000000000117 /* WelcomeWindow.swift in Sources */,
				AB0000000000000000000118 /* MacroImport.swift in Sources */,
				AB0000000000000000000119 /* TextMacroFormat.swift in Sources */,
			);
			runOnlyForDeploymentPostprocessing = 0;
		};
/* End PBXSourcesBuildPhase section */

/* Begin XCBuildConfiguration section */
		AD0000000000000000000101 /* Debug */ = {
			isa = XCBuildConfiguration;
			buildSettings = {
				ALWAYS_SEARCH_USER_PATHS = NO;
				CLANG_ENABLE_MODULES = YES;
				CLANG_ENABLE_OBJC_ARC = YES;
				COPY_PHASE_STRIP = NO;
				DEAD_CODE_STRIPPING = YES;
				DEBUG_INFORMATION_FORMAT = dwarf;
				ENABLE_STRICT_OBJC_MSGSEND = YES;
				ENABLE_TESTABILITY = YES;
				GCC_DYNAMIC_NO_PIC = NO;
				GCC_OPTIMIZATION_LEVEL = 0;
				GCC_PREPROCESSOR_DEFINITIONS = (
					"DEBUG=1",
					"$(inherited)",
				);
				MACOSX_DEPLOYMENT_TARGET = 13.0;
				MTL_ENABLE_DEBUG_INFO = INCLUDE_SOURCE;
				MTL_FAST_MATH = YES;
				ONLY_ACTIVE_ARCH = YES;
				SDKROOT = macosx;
				SWIFT_ACTIVE_COMPILATION_CONDITIONS = DEBUG;
				SWIFT_OPTIMIZATION_LEVEL = "-Onone";
				SWIFT_VERSION = 5.0;
			};
			name = Debug;
		};
		AD0000000000000000000102 /* Release */ = {
			isa = XCBuildConfiguration;
			buildSettings = {
				ALWAYS_SEARCH_USER_PATHS = NO;
				CLANG_ENABLE_MODULES = YES;
				CLANG_ENABLE_OBJC_ARC = YES;
				COPY_PHASE_STRIP = NO;
				DEAD_CODE_STRIPPING = YES;
				DEBUG_INFORMATION_FORMAT = "dwarf-with-dsym";
				ENABLE_NS_ASSERTIONS = NO;
				ENABLE_STRICT_OBJC_MSGSEND = YES;
				MACOSX_DEPLOYMENT_TARGET = 13.0;
				MTL_ENABLE_DEBUG_INFO = NO;
				MTL_FAST_MATH = YES;
				SDKROOT = macosx;
				SWIFT_COMPILATION_MODE = wholemodule;
				SWIFT_OPTIMIZATION_LEVEL = "-O";
				SWIFT_VERSION = 5.0;
			};
			name = Release;
		};
		AD0000000000000000000103 /* Debug */ = {
			isa = XCBuildConfiguration;
			buildSettings = {
				CODE_SIGN_IDENTITY = "-";
				CODE_SIGN_STYLE = Automatic;
				COMBINE_HIDPI_IMAGES = YES;
				ENABLE_HARDENED_RUNTIME = NO;
				GENERATE_INFOPLIST_FILE = NO;
				INFOPLIST_FILE = Info.plist;
				LD_RUNPATH_SEARCH_PATHS = (
					"$(inherited)",
					"@executable_path/../Frameworks",
				);
				PRODUCT_BUNDLE_IDENTIFIER = com.tinyrecorder.app;
				PRODUCT_NAME = "$(TARGET_NAME)";
			};
			name = Debug;
		};
		AD0000000000000000000104 /* Release */ = {
			isa = XCBuildConfiguration;
			buildSettings = {
				CODE_SIGN_IDENTITY = "-";
				CODE_SIGN_STYLE = Automatic;
				COMBINE_HIDPI_IMAGES = YES;
				ENABLE_HARDENED_RUNTIME = NO;
				GENERATE_INFOPLIST_FILE = NO;
				INFOPLIST_FILE = Info.plist;
				LD_RUNPATH_SEARCH_PATHS = (
					"$(inherited)",
					"@executable_path/../Frameworks",
				);
				PRODUCT_BUNDLE_IDENTIFIER = com.tinyrecorder.app;
				PRODUCT_NAME = "$(TARGET_NAME)";
			};
			name = Release;
		};
/* End XCBuildConfiguration section */

/* Begin XCConfigurationList section */
		AD0000000000000000000001 /* Build configuration list for PBXProject "TinyRecorder" */ = {
			isa = XCConfigurationList;
			buildConfigurations = (
				AD0000000000000000000101 /* Debug */,
				AD0000000000000000000102 /* Release */,
			);
			defaultConfigurationIsVisible = 0;
			defaultConfigurationName = Release;
		};
		AD0000000000000000000002 /* Build configuration list for PBXNativeTarget "TinyRecorder" */ = {
			isa = XCConfigurationList;
			buildConfigurations = (
				AD0000000000000000000103 /* Debug */,
				AD0000000000000000000104 /* Release */,
			);
			defaultConfigurationIsVisible = 0;
			defaultConfigurationName = Release;
		};
/* End XCConfigurationList section */
	};
	rootObject = AA0000000000000000000000 /* Project object */;
}
